
Microsoft Visual Studio Solution File, Format Version 11.00
# Visual Studio 2010
Project("{8BC9CEB8-8B4A-11D0-8D11-00A0C91BC942}") = "dbmconv", "dbmconv\dbmconv.vcxproj", "{19B4C7F8-C503-40A6-8073-3CD26261BDCB}"
EndProject
Project("{8BC9CEB8-8B4A-11D0-8D11-00A0C91BC942}") = "loctest", "loctest\loctest.vcxproj", "{496C75AE-5206-44E4-A19C-6AF73ADE6665}"
EndProject
Project("{8BC9CEB8-8B4A-11D0-8D11-00A0C91BC942}") = "frametest", "frametest\frametest.vcxproj", "{69F29E07-82CD-4E82-9296-1A2CA6416AA2}"
EndProject
Global
	GlobalSection(SolutionConfigurationPlatforms) = preSolution
		Debug|Win32 = Debug|Win32
		Release|Win32 = Release|Win32
	EndGlobalSection
	GlobalSection(ProjectConfigurationPlatforms) = postSolution
		{19B4C7F8-C503-40A6-8073-3CD26261BDCB}.Debug|Win32.ActiveCfg = Debug|Win32
		{19B4C7F8-C503-40A6-8073-3CD26261BDCB}.Debug|Win32.Build.0 = Debug|Win32
		{19B4C7F8-C503-40A6-8073-3CD26261BDCB}.Release|Win32.ActiveCfg = Release|Win32
		{19B4C7F8-C503-40A6-8073-3CD26261BDCB}.Release|Win32.Build.0 = Release|Win32
		{496C75AE-5206-44E4-A19C-6AF73ADE6665}.Debug|Win32.ActiveCfg = Debug|Win32
		{496C75AE-5206-44E4-A19C-6AF73ADE6665}.Debug|Win32.Build.0 = Debug|Win32
		{496C75AE-5206-44E4-A19C-6AF73ADE6665}.Release|Win32.ActiveCfg = Release|Win32
		{496C75AE-5206-44E4-A19C-6AF73ADE6665}.Release|Win32.Build.0 = Release|Win32
		{69F29E07-82CD-4E82-9296-1A2CA6416AA2}.Debug|Win32.ActiveCfg = Debug|Win32
		{69F29E07-82CD-4E82-9296-1A2CA6416AA2}.Debug|Win32.Build.0 = Debug|Win32
		{69F29E07-82CD-4E82-9296-1A2CA6416AA2}.Release|Win32.ActiveCfg = Release|Win32
		{69F29E07-82CD-4E82-9296-1A2CA6416AA2}.Release|Win32.Build.0 = Release|Win32
	EndGlobalSection
	GlobalSection(SolutionProperties) = preSolution
		HideSolutionNode = FALSE
	EndGlobalSection
EndGlobal
