<?xml version="1.0" encoding="utf-8"?>
<Project ToolsVersion="4.0" xmlns="http://schemas.microsoft.com/developer/msbuild/2003">
  <ItemGroup>
    <Filter Include="Source Files">
      <UniqueIdentifier>{ae3b7958-296d-4580-96e5-bfca78b7d59d}</UniqueIdentifier>
      <Extensions>cpp;c;cxx;def;odl;idl;hpj;bat;asm</Extensions>
    </Filter>
    <Filter Include="Header Files">
      <UniqueIdentifier>{796f2f9c-7bf3-4615-ac2d-00a92c1a077c}</UniqueIdentifier>
      <Extensions>h;hpp;hxx;hm;inl;inc</Extensions>
    </Filter>
    <Filter Include="Resource Files">
      <UniqueIdentifier>{abbb4eeb-f7ef-432d-830c-63bffc17d078}</UniqueIdentifier>
      <Extensions>rc;ico;cur;bmp;dlg;rc2;rct;bin;rgs;jpg;jpeg;jpe;manifest</Extensions>
    </Filter>
    <Filter Include="Header Files\DataModel">
      <UniqueIdentifier>{bb50e0bf-5564-4564-bbc0-60a10e7b1ed1}</UniqueIdentifier>
    </Filter>
    <Filter Include="Header Files\Helpers">
      <UniqueIdentifier>{9d0af084-119a-4a79-9f94-520972b0d2fa}</UniqueIdentifier>
    </Filter>
  </ItemGroup>
  <ItemGroup>
    <ClCompile Include="stdafx.cpp">
      <Filter>Source Files</Filter>
    </ClCompile>
    <ClCompile Include="dbmconv.cpp">
      <Filter>Source Files</Filter>
    </ClCompile>
    <ClCompile Include="maindlg.CPP">
      <Filter>Source Files</Filter>
    </ClCompile>
    <ClCompile Include="DataModel.cpp">
      <Filter>Source Files</Filter>
    </ClCompile>
  </ItemGroup>
  <ItemGroup>
    <ClInclude Include="stdafx.h">
      <Filter>Header Files</Filter>
    </ClInclude>
    <ClInclude Include="MainDlg.h">
      <Filter>Header Files</Filter>
    </ClInclude>
    <ClInclude Include="resource.h">
      <Filter>Header Files</Filter>
    </ClInclude>
    <ClInclude Include="Options.h">
      <Filter>Header Files</Filter>
    </ClInclude>
    <ClInclude Include="NamespaceDatabaseDictionary.h">
      <Filter>Header Files</Filter>
    </ClInclude>
    <ClInclude Include="UniListView.h">
      <Filter>Header Files</Filter>
    </ClInclude>
    <ClInclude Include="DataModel.h">
      <Filter>Header Files\DataModel</Filter>
    </ClInclude>
    <ClInclude Include="DeviceInfo.h">
      <Filter>Header Files\DataModel</Filter>
    </ClInclude>
    <ClInclude Include="item.h">
      <Filter>Header Files\DataModel</Filter>
    </ClInclude>
    <ClInclude Include="TagInfo.h">
      <Filter>Header Files\DataModel</Filter>
    </ClInclude>
    <ClInclude Include="many.h">
      <Filter>Header Files\DataModel</Filter>
    </ClInclude>
    <ClInclude Include="MainFrm.h">
      <Filter>Header Files</Filter>
    </ClInclude>
    <ClInclude Include="UniTreeView.h">
      <Filter>Header Files</Filter>
    </ClInclude>
    <ClInclude Include="SpecialItems.h">
      <Filter>Header Files\DataModel</Filter>
    </ClInclude>
    <ClInclude Include="UIMessages.h">
      <Filter>Header Files</Filter>
    </ClInclude>
    <ClInclude Include="HelpersMDB.h">
      <Filter>Header Files\Helpers</Filter>
    </ClInclude>
    <ClInclude Include="helpersXML.h">
      <Filter>Header Files\Helpers</Filter>
    </ClInclude>
    <ClInclude Include="SAXContentHandler.h">
      <Filter>Header Files\Helpers</Filter>
    </ClInclude>
    <ClInclude Include="ContentHandler.h">
      <Filter>Header Files</Filter>
    </ClInclude>
    <ClInclude Include="ItemFactory.h">
      <Filter>Header Files\DataModel</Filter>
    </ClInclude>
    <ClInclude Include="XMLDefs.h">
      <Filter>Header Files\DataModel</Filter>
    </ClInclude>
    <ClInclude Include="TagClassItem.h">
      <Filter>Header Files\DataModel</Filter>
    </ClInclude>
  </ItemGroup>
  <ItemGroup>
    <ResourceCompile Include="dbmconv.rc">
      <Filter>Resource Files</Filter>
    </ResourceCompile>
  </ItemGroup>
  <ItemGroup>
    <None Include="res\dbmconv.ico">
      <Filter>Resource Files</Filter>
    </None>
    <None Include="res\Toolbar.bmp">
      <Filter>Resource Files</Filter>
    </None>
  </ItemGroup>
</Project>